<?xml version="1.0" encoding="utf-8"?>
<Project ToolsVersion="4.0" xmlns="http://schemas.microsoft.com/developer/msbuild/2003">
  <ItemGroup>
    <Filter Include="Source files">
      <UniqueIdentifier>{d77de756-f0b8-4ed8-9618-68de1f358c84}</UniqueIdentifier>
      <Extensions>cpp;c;cc;cxx;def;odl;idl;hpj;bat;asm;asmx</Extensions>
    </Filter>
    <Filter Include="Header files">
      <UniqueIdentifier>{b3f98d4c-d6f5-46bc-bbe2-eb19c079a71c}</UniqueIdentifier>
      <Extensions>h;hpp;hxx;hm;inl;inc;xsd</Extensions>
    </Filter>
    <Filter Include="Resource files">
      <UniqueIdentifier>{99585421-1562-4144-a4fe-c02c198be767}</UniqueIdentifier>
      <Extensions>rc;ico;cur;bmp;dlg;rc2;rct;bin;rgs;gif;jpg;jpeg;jpe;resx;tiff;tif;png;wav</Extensions>
    </Filter>
    <Filter Include="Source files\Device-specific files">
      <UniqueIdentifier>{9729c65e-5650-4f7a-b34c-0f89409f6026}</UniqueIdentifier>
    </Filter>
    <Filter Include="Source files\Device-specific files\Utils">
      <UniqueIdentifier>{43246d82-db73-4032-86a2-1d07c5139235}</UniqueIdentifier>
    </Filter>
    <Filter Include="Source files\Device-specific files\Peer Manager">
      <UniqueIdentifier>{72112c39-d063-4eee-8c01-0606cf259e1c}</UniqueIdentifier>
    </Filter>
    <Filter Include="Source files\Device-specific files\GATT">
      <UniqueIdentifier>{74b34885-e151-4263-b1a8-9d2d48685aa5}</UniqueIdentifier>
    </Filter>
    <Filter Include="Source files\Device-specific files\Boards">
      <UniqueIdentifier>{43a6b585-abcf-4343-b6ef-a7a1c68a86ec}</UniqueIdentifier>
    </Filter>
    <Filter Include="Source files\Device-specific files\Libraries">
      <UniqueIdentifier>{a1e1ced9-0faf-4c06-a3eb-de2271222b86}</UniqueIdentifier>
    </Filter>
    <Filter Include="Source files\Device-specific files\BLE Common">
      <UniqueIdentifier>{c2279c6d-26ff-4719-a8de-5e865da2a424}</UniqueIdentifier>
    </Filter>
    <Filter Include="Source files\Device-specific files\Peripheral Drivers">
      <UniqueIdentifier>{cd6fd2f2-7122-4024-85af-0ab8315461e1}</UniqueIdentifier>
    </Filter>
    <Filter Include="Source files\Device-specific files\BLE Connectable Advertising Support">
      <UniqueIdentifier>{eb5f31d0-cf1e-4bb8-ba3b-1a90eed93932}</UniqueIdentifier>
    </Filter>
    <Filter Include="Source files\Device-specific files\BLE Battery Service">
      <UniqueIdentifier>{08084474-2eab-4474-899e-1a7d8b1f8515}</UniqueIdentifier>
    </Filter>
    <Filter Include="Source files\Device-specific files\BLE Device Information Service">
      <UniqueIdentifier>{37283d6d-c04b-44ed-9957-d7380f55a961}</UniqueIdentifier>
    </Filter>
    <Filter Include="Source files\Device-specific files\BLE Human Interface Device Service">
      <UniqueIdentifier>{5ed851df-e4e2-4771-9ac2-5d008d873179}</UniqueIdentifier>
    </Filter>
    <Filter Include="Source files\Device-specific files\BLE Ble_Link_CTX_manager">
      <UniqueIdentifier>{6f92598e-795a-4f9a-9c6d-1e43296c40e3}</UniqueIdentifier>
    </Filter>
    <Filter Include="Source files\Device-specific files\BLE Nrf_Ble_Qwr">
      <UniqueIdentifier>{3374abcf-71b7-481b-91ee-845f389a9014}</UniqueIdentifier>
    </Filter>
    <Filter Include="Header files\Device-specific files">
      <UniqueIdentifier>{12c0daf5-c790-457b-a27b-8653a21d9fdf}</UniqueIdentifier>
    </Filter>
    <Filter Include="Header files\Device-specific files\Utils">
      <UniqueIdentifier>{d67847bf-e235-4e97-a287-e95e7087b9e2}</UniqueIdentifier>
    </Filter>
    <Filter Include="Header files\Device-specific files\Peer Manager">
      <UniqueIdentifier>{9869295f-9fcd-4be9-881e-c2a1d1506d12}</UniqueIdentifier>
    </Filter>
    <Filter Include="Header files\Device-specific files\GATT">
      <UniqueIdentifier>{e0ca477a-3430-4dfd-86e4-9101ada3422b}</UniqueIdentifier>
    </Filter>
    <Filter Include="Header files\Device-specific files\Boards">
      <UniqueIdentifier>{7f62fbd5-248c-4c07-8b68-5cbce256c4a2}</UniqueIdentifier>
    </Filter>
    <Filter Include="Header files\Device-specific files\Libraries">
      <UniqueIdentifier>{8b3b0895-b61e-47a8-95a2-b4bd8a7a7a02}</UniqueIdentifier>
    </Filter>
    <Filter Include="Header files\Device-specific files\BLE Common">
      <UniqueIdentifier>{687a4bee-61e7-4a21-9b7f-6e621b90e46c}</UniqueIdentifier>
    </Filter>
    <Filter Include="Header files\Device-specific files\Peripheral Drivers">
      <UniqueIdentifier>{343934c7-6574-494f-84a8-3a13dd33a8de}</UniqueIdentifier>
    </Filter>
    <Filter Include="Header files\Device-specific files\BLE Connectable Advertising Support">
      <UniqueIdentifier>{63bce892-6fd6-4339-8ac3-4e863476b6b1}</UniqueIdentifier>
    </Filter>
    <Filter Include="Header files\Device-specific files\BLE Battery Service">
      <UniqueIdentifier>{e2fd1378-1350-4a21-a4e5-e34ee5367f12}</UniqueIdentifier>
    </Filter>
    <Filter Include="Header files\Device-specific files\BLE Device Information Service">
      <UniqueIdentifier>{4c09e5f9-62fa-4215-9868-15117503e2c2}</UniqueIdentifier>
    </Filter>
    <Filter Include="Header files\Device-specific files\BLE Human Interface Device Service">
      <UniqueIdentifier>{8e2bca8c-ec41-4f33-92ab-ad194f3ab9de}</UniqueIdentifier>
    </Filter>
    <Filter Include="Header files\Device-specific files\BLE Ble_Link_CTX_manager">
      <UniqueIdentifier>{965e8f9a-6146-4166-bad7-9aac31389998}</UniqueIdentifier>
    </Filter>
    <Filter Include="Header files\Device-specific files\BLE Nrf_Ble_Qwr">
      <UniqueIdentifier>{71f0b3b2-16a3-4f35-8460-9fd81aa039cd}</UniqueIdentifier>
    </Filter>
    <Filter Include="VisualGDB settings">
      <UniqueIdentifier>{c7bf3bc0-238d-469e-86a0-cde9a54cbef7}</UniqueIdentifier>
    </Filter>
    <Filter Include="Source files\nordic">
      <UniqueIdentifier>{fa1aad9a-bb5f-4b88-ba9f-c3056390a260}</UniqueIdentifier>
    </Filter>
    <Filter Include="Header files\nordic">
      <UniqueIdentifier>{ac2f4813-7e77-4a30-b27a-637c49f714bb}</UniqueIdentifier>
    </Filter>
    <Filter Include="Source files\periph">
      <UniqueIdentifier>{9f8e8e2c-4889-41b4-83f3-b8822b3c0896}</UniqueIdentifier>
    </Filter>
    <Filter Include="Header files\periph">
      <UniqueIdentifier>{90f2089f-4cc9-4940-a354-de9559270003}</UniqueIdentifier>
    </Filter>
    <Filter Include="Source files\Device-specific files\Legacy Peripheral Drivers">
      <UniqueIdentifier>{c5a0fe50-6552-4644-b2a8-bcb9f38a7a16}</UniqueIdentifier>
    </Filter>
    <Filter Include="Header files\Device-specific files\Legacy Peripheral Drivers">
      <UniqueIdentifier>{601c0819-b5c0-470f-9af6-f4aa31624b06}</UniqueIdentifier>
    </Filter>
    <Filter Include="Source files\Device-specific files\Peripheral Drivers (Old)">
      <UniqueIdentifier>{5ffe01ba-b7fa-463d-acc6-bdfc103554cb}</UniqueIdentifier>
    </Filter>
    <Filter Include="Header files\Device-specific files\Peripheral Drivers (Old)">
      <UniqueIdentifier>{a9ff5075-9ea3-4160-a9fb-a71ac62f2856}</UniqueIdentifier>
    </Filter>
    <Filter Include="Source files\Shared sources">
      <UniqueIdentifier>{eb960366-eb65-4538-a262-afacac84c465}</UniqueIdentifier>
    </Filter>
  </ItemGroup>
  <ItemGroup>
    <ClCompile Include="main.c">
      <Filter>Source files</Filter>
    </ClCompile>
    <None Include="nrf5x.props">
      <Filter>Source files\Device-specific files</Filter>
    </None>
    <ClCompile Include="$(BSP_ROOT)\nRF5x\modules\nrfx\mdk\system_nrf52.c">
      <Filter>Source files\Device-specific files</Filter>
    </ClCompile>
    <ClCompile Include="$(BSP_ROOT)\nRF5x\modules\nrfx\mdk\gcc_startup_nrf52.S">
      <Filter>Source files\Device-specific files</Filter>
    </ClCompile>
    <ClCompile Include="$(BSP_ROOT)\nRF5x\components\libraries\util\app_error.c">
      <Filter>Source files\Device-specific files\Utils</Filter>
    </ClCompile>
    <ClCompile Include="$(BSP_ROOT)\nRF5x\components\libraries\util\app_error_handler_gcc.c">
      <Filter>Source files\Device-specific files\Utils</Filter>
    </ClCompile>
    <ClCompile Include="$(BSP_ROOT)\nRF5x\components\libraries\util\app_error_weak.c">
      <Filter>Source files\Device-specific files\Utils</Filter>
    </ClCompile>
    <ClCompile Include="$(BSP_ROOT)\nRF5x\components\libraries\util\app_util_platform.c">
      <Filter>Source files\Device-specific files\Utils</Filter>
    </ClCompile>
    <ClCompile Include="$(BSP_ROOT)\nRF5x\components\libraries\util\nrf_assert.c">
      <Filter>Source files\Device-specific files\Utils</Filter>
    </ClCompile>
    <ClCompile Include="$(BSP_ROOT)\nRF5x\components\libraries\util\sdk_mapped_flags.c">
      <Filter>Source files\Device-specific files\Utils</Filter>
    </ClCompile>
    <ClCompile Include="$(BSP_ROOT)\nRF5x\components\ble\peer_manager\gatts_cache_manager.c">
      <Filter>Source files\Device-specific files\Peer Manager</Filter>
    </ClCompile>
    <ClCompile Include="$(BSP_ROOT)\nRF5x\components\ble\peer_manager\gatt_cache_manager.c">
      <Filter>Source files\Device-specific files\Peer Manager</Filter>
    </ClCompile>
    <ClCompile Include="$(BSP_ROOT)\nRF5x\components\ble\peer_manager\id_manager.c">
      <Filter>Source files\Device-specific files\Peer Manager</Filter>
    </ClCompile>
    <ClCompile Include="$(BSP_ROOT)\nRF5x\components\ble\peer_manager\peer_database.c">
      <Filter>Source files\Device-specific files\Peer Manager</Filter>
    </ClCompile>
    <ClCompile Include="$(BSP_ROOT)\nRF5x\components\ble\peer_manager\peer_data_storage.c">
      <Filter>Source files\Device-specific files\Peer Manager</Filter>
    </ClCompile>
    <ClCompile Include="$(BSP_ROOT)\nRF5x\components\ble\peer_manager\peer_id.c">
      <Filter>Source files\Device-specific files\Peer Manager</Filter>
    </ClCompile>
    <ClCompile Include="$(BSP_ROOT)\nRF5x\components\ble\peer_manager\peer_manager.c">
      <Filter>Source files\Device-specific files\Peer Manager</Filter>
    </ClCompile>
    <ClCompile Include="$(BSP_ROOT)\nRF5x\components\ble\peer_manager\pm_buffer.c">
      <Filter>Source files\Device-specific files\Peer Manager</Filter>
    </ClCompile>
    <ClCompile Include="$(BSP_ROOT)\nRF5x\components\ble\peer_manager\pm_mutex.c">
      <Filter>Source files\Device-specific files\Peer Manager</Filter>
    </ClCompile>
    <ClCompile Include="$(BSP_ROOT)\nRF5x\components\ble\peer_manager\security_dispatcher.c">
      <Filter>Source files\Device-specific files\Peer Manager</Filter>
    </ClCompile>
    <ClCompile Include="$(BSP_ROOT)\nRF5x\components\ble\peer_manager\security_manager.c">
      <Filter>Source files\Device-specific files\Peer Manager</Filter>
    </ClCompile>
    <ClCompile Include="$(BSP_ROOT)\nRF5x\components\ble\nrf_ble_gatt\nrf_ble_gatt.c">
      <Filter>Source files\Device-specific files\GATT</Filter>
    </ClCompile>
    <ClCompile Include="$(BSP_ROOT)\nRF5x\components\boards\boards.c">
      <Filter>Source files\Device-specific files\Boards</Filter>
    </ClCompile>
    <ClCompile Include="$(BSP_ROOT)\nRF5x\components\libraries\atomic\nrf_atomic.c">
      <Filter>Source files\Device-specific files\Libraries</Filter>
    </ClCompile>
    <ClCompile Include="$(BSP_ROOT)\nRF5x\components\libraries\atomic_fifo\nrf_atfifo.c">
      <Filter>Source files\Device-specific files\Libraries</Filter>
    </ClCompile>
    <ClCompile Include="$(BSP_ROOT)\nRF5x\components\libraries\atomic_flags\nrf_atflags.c">
      <Filter>Source files\Device-specific files\Libraries</Filter>
    </ClCompile>
    <ClCompile Include="$(BSP_ROOT)\nRF5x\components\libraries\balloc\nrf_balloc.c">
      <Filter>Source files\Device-specific files\Libraries</Filter>
    </ClCompile>
    <ClCompile Include="$(BSP_ROOT)\nRF5x\components\libraries\bsp\bsp.c">
      <Filter>Source files\Device-specific files\Libraries</Filter>
    </ClCompile>
    <ClCompile Include="$(BSP_ROOT)\nRF5x\components\libraries\bsp\bsp_btn_ant.c">
      <Filter>Source files\Device-specific files\Libraries</Filter>
    </ClCompile>
    <ClCompile Include="$(BSP_ROOT)\nRF5x\components\libraries\bsp\bsp_btn_ble.c">
      <Filter>Source files\Device-specific files\Libraries</Filter>
    </ClCompile>
    <ClCompile Include="$(BSP_ROOT)\nRF5x\components\libraries\bsp\bsp_cli.c">
      <Filter>Source files\Device-specific files\Libraries</Filter>
    </ClCompile>
    <ClCompile Include="$(BSP_ROOT)\nRF5x\components\libraries\bsp\bsp_nfc.c">
      <Filter>Source files\Device-specific files\Libraries</Filter>
    </ClCompile>
    <ClCompile Include="$(BSP_ROOT)\nRF5x\components\libraries\button\app_button.c">
      <Filter>Source files\Device-specific files\Libraries</Filter>
    </ClCompile>
    <ClCompile Include="$(BSP_ROOT)\nRF5x\components\libraries\crc16\crc16.c">
      <Filter>Source files\Device-specific files\Libraries</Filter>
    </ClCompile>
    <ClCompile Include="$(BSP_ROOT)\nRF5x\components\libraries\csense_drv\nrf_drv_csense.c">
      <Filter>Source files\Device-specific files\Libraries</Filter>
    </ClCompile>
    <ClCompile Include="$(BSP_ROOT)\nRF5x\components\libraries\experimental_log\src\nrf_log_backend_flash.c">
      <Filter>Source files\Device-specific files\Libraries</Filter>
    </ClCompile>
    <ClCompile Include="$(BSP_ROOT)\nRF5x\components\libraries\experimental_log\src\nrf_log_backend_rtt.c">
      <Filter>Source files\Device-specific files\Libraries</Filter>
    </ClCompile>
    <ClCompile Include="$(BSP_ROOT)\nRF5x\components\libraries\experimental_log\src\nrf_log_backend_serial.c">
      <Filter>Source files\Device-specific files\Libraries</Filter>
    </ClCompile>
    <ClCompile Include="$(BSP_ROOT)\nRF5x\components\libraries\experimental_log\src\nrf_log_backend_uart.c">
      <Filter>Source files\Device-specific files\Libraries</Filter>
    </ClCompile>
    <ClCompile Include="$(BSP_ROOT)\nRF5x\components\libraries\experimental_log\src\nrf_log_default_backends.c">
      <Filter>Source files\Device-specific files\Libraries</Filter>
    </ClCompile>
    <ClCompile Include="$(BSP_ROOT)\nRF5x\components\libraries\experimental_log\src\nrf_log_frontend.c">
      <Filter>Source files\Device-specific files\Libraries</Filter>
    </ClCompile>
    <ClCompile Include="$(BSP_ROOT)\nRF5x\components\libraries\experimental_log\src\nrf_log_str_formatter.c">
      <Filter>Source files\Device-specific files\Libraries</Filter>
    </ClCompile>
    <ClCompile Include="$(BSP_ROOT)\nRF5x\components\libraries\experimental_memobj\nrf_memobj.c">
      <Filter>Source files\Device-specific files\Libraries</Filter>
    </ClCompile>
    <ClCompile Include="$(BSP_ROOT)\nRF5x\components\libraries\experimental_section_vars\nrf_section_iter.c">
      <Filter>Source files\Device-specific files\Libraries</Filter>
    </ClCompile>
    <ClCompile Include="$(BSP_ROOT)\nRF5x\components\libraries\fds\fds.c">
      <Filter>Source files\Device-specific files\Libraries</Filter>
    </ClCompile>
    <ClCompile Include="$(BSP_ROOT)\nRF5x\components\libraries\fifo\app_fifo.c">
      <Filter>Source files\Device-specific files\Libraries</Filter>
    </ClCompile>
    <ClCompile Include="$(BSP_ROOT)\nRF5x\components\libraries\fstorage\nrf_fstorage.c">
      <Filter>Source files\Device-specific files\Libraries</Filter>
    </ClCompile>
    <ClCompile Include="$(BSP_ROOT)\nRF5x\components\libraries\fstorage\nrf_fstorage_nvmc.c">
      <Filter>Source files\Device-specific files\Libraries</Filter>
    </ClCompile>
    <ClCompile Include="$(BSP_ROOT)\nRF5x\components\libraries\fstorage\nrf_fstorage_sd.c">
      <Filter>Source files\Device-specific files\Libraries</Filter>
    </ClCompile>
    <ClCompile Include="$(BSP_ROOT)\nRF5x\components\libraries\gfx\nrf_gfx.c">
      <Filter>Source files\Device-specific files\Libraries</Filter>
    </ClCompile>
    <ClCompile Include="$(BSP_ROOT)\nRF5x\components\libraries\hardfault\hardfault_implementation.c">
      <Filter>Source files\Device-specific files\Libraries</Filter>
    </ClCompile>
    <ClCompile Include="$(BSP_ROOT)\nRF5x\components\libraries\hci\hci_mem_pool.c">
      <Filter>Source files\Device-specific files\Libraries</Filter>
    </ClCompile>
    <ClCompile Include="$(BSP_ROOT)\nRF5x\components\libraries\hci\hci_slip.c">
      <Filter>Source files\Device-specific files\Libraries</Filter>
    </ClCompile>
    <ClCompile Include="$(BSP_ROOT)\nRF5x\components\libraries\hci\hci_transport.c">
      <Filter>Source files\Device-specific files\Libraries</Filter>
    </ClCompile>
    <ClCompile Include="$(BSP_ROOT)\nRF5x\components\libraries\pwm\app_pwm.c">
      <Filter>Source files\Device-specific files\Libraries</Filter>
    </ClCompile>
    <ClCompile Include="$(BSP_ROOT)\nRF5x\components\libraries\pwr_mgmt\nrf_pwr_mgmt.c">
      <Filter>Source files\Device-specific files\Libraries</Filter>
    </ClCompile>
    <ClCompile Include="$(BSP_ROOT)\nRF5x\components\libraries\scheduler\app_scheduler.c">
      <Filter>Source files\Device-specific files\Libraries</Filter>
    </ClCompile>
    <ClCompile Include="$(BSP_ROOT)\nRF5x\components\libraries\sensorsim\sensorsim.c">
      <Filter>Source files\Device-specific files\Libraries</Filter>
    </ClCompile>
    <ClCompile Include="$(BSP_ROOT)\nRF5x\components\libraries\serial\nrf_serial.c">
      <Filter>Source files\Device-specific files\Libraries</Filter>
    </ClCompile>
    <ClCompile Include="$(BSP_ROOT)\nRF5x\components\libraries\sha256\sha256.c">
      <Filter>Source files\Device-specific files\Libraries</Filter>
    </ClCompile>
    <ClCompile Include="$(BSP_ROOT)\nRF5x\components\libraries\strerror\nrf_strerror.c">
      <Filter>Source files\Device-specific files\Libraries</Filter>
    </ClCompile>
    <ClCompile Include="$(BSP_ROOT)\nRF5x\components\libraries\timer\app_timer.c">
      <Filter>Source files\Device-specific files\Libraries</Filter>
    </ClCompile>
    <ClCompile Include="$(BSP_ROOT)\nRF5x\components\libraries\uart\retarget.c">
      <Filter>Source files\Device-specific files\Libraries</Filter>
    </ClCompile>
    <ClCompile Include="$(BSP_ROOT)\nRF5x\external\fprintf\nrf_fprintf.c">
      <Filter>Source files\Device-specific files\Libraries</Filter>
    </ClCompile>
    <ClCompile Include="$(BSP_ROOT)\nRF5x\external\fprintf\nrf_fprintf_format.c">
      <Filter>Source files\Device-specific files\Libraries</Filter>
    </ClCompile>
    <ClCompile Include="$(BSP_ROOT)\nRF5x\components\softdevice\common\nrf_sdh.c">
      <Filter>Source files\Device-specific files\Libraries</Filter>
    </ClCompile>
    <ClCompile Include="$(BSP_ROOT)\nRF5x\components\softdevice\common\nrf_sdh_ant.c">
      <Filter>Source files\Device-specific files\Libraries</Filter>
    </ClCompile>
    <ClCompile Include="$(BSP_ROOT)\nRF5x\components\softdevice\common\nrf_sdh_ble.c">
      <Filter>Source files\Device-specific files\Libraries</Filter>
    </ClCompile>
    <ClCompile Include="$(BSP_ROOT)\nRF5x\components\softdevice\common\nrf_sdh_soc.c">
      <Filter>Source files\Device-specific files\Libraries</Filter>
    </ClCompile>
    <ClCompile Include="$(BSP_ROOT)\nRF5x\components\ble\common\ble_advdata.c">
      <Filter>Source files\Device-specific files\BLE Common</Filter>
    </ClCompile>
    <ClCompile Include="$(BSP_ROOT)\nRF5x\components\ble\common\ble_conn_params.c">
      <Filter>Source files\Device-specific files\BLE Common</Filter>
    </ClCompile>
    <ClCompile Include="$(BSP_ROOT)\nRF5x\components\ble\common\ble_conn_state.c">
      <Filter>Source files\Device-specific files\BLE Common</Filter>
    </ClCompile>
    <ClCompile Include="$(BSP_ROOT)\nRF5x\components\ble\common\ble_srv_common.c">
      <Filter>Source files\Device-specific files\BLE Common</Filter>
    </ClCompile>
    <ClCompile Include="$(BSP_ROOT)\nRF5x\modules\nrfx\drivers\src\nrfx_adc.c">
      <Filter>Source files\Device-specific files\Peripheral Drivers</Filter>
    </ClCompile>
    <ClCompile Include="$(BSP_ROOT)\nRF5x\modules\nrfx\drivers\src\nrfx_clock.c">
      <Filter>Source files\Device-specific files\Peripheral Drivers</Filter>
    </ClCompile>
    <ClCompile Include="$(BSP_ROOT)\nRF5x\modules\nrfx\drivers\src\nrfx_comp.c">
      <Filter>Source files\Device-specific files\Peripheral Drivers</Filter>
    </ClCompile>
    <ClCompile Include="$(BSP_ROOT)\nRF5x\modules\nrfx\drivers\src\nrfx_gpiote.c">
      <Filter>Source files\Device-specific files\Peripheral Drivers</Filter>
    </ClCompile>
    <ClCompile Include="$(BSP_ROOT)\nRF5x\modules\nrfx\drivers\src\nrfx_i2s.c">
      <Filter>Source files\Device-specific files\Peripheral Drivers</Filter>
    </ClCompile>
    <ClCompile Include="$(BSP_ROOT)\nRF5x\modules\nrfx\drivers\src\nrfx_lpcomp.c">
      <Filter>Source files\Device-specific files\Peripheral Drivers</Filter>
    </ClCompile>
    <ClCompile Include="$(BSP_ROOT)\nRF5x\modules\nrfx\drivers\src\nrfx_pdm.c">
      <Filter>Source files\Device-specific files\Peripheral Drivers</Filter>
    </ClCompile>
    <ClCompile Include="$(BSP_ROOT)\nRF5x\modules\nrfx\drivers\src\nrfx_power.c">
      <Filter>Source files\Device-specific files\Peripheral Drivers</Filter>
    </ClCompile>
    <ClCompile Include="$(BSP_ROOT)\nRF5x\modules\nrfx\drivers\src\nrfx_power_clock.c">
      <Filter>Source files\Device-specific files\Peripheral Drivers</Filter>
    </ClCompile>
    <ClCompile Include="$(BSP_ROOT)\nRF5x\modules\nrfx\drivers\src\nrfx_ppi.c">
      <Filter>Source files\Device-specific files\Peripheral Drivers</Filter>
    </ClCompile>
    <ClCompile Include="$(BSP_ROOT)\nRF5x\modules\nrfx\drivers\src\nrfx_pwm.c">
      <Filter>Source files\Device-specific files\Peripheral Drivers</Filter>
    </ClCompile>
    <ClCompile Include="$(BSP_ROOT)\nRF5x\modules\nrfx\drivers\src\nrfx_qdec.c">
      <Filter>Source files\Device-specific files\Peripheral Drivers</Filter>
    </ClCompile>
    <ClCompile Include="$(BSP_ROOT)\nRF5x\modules\nrfx\drivers\src\nrfx_qspi.c">
      <Filter>Source files\Device-specific files\Peripheral Drivers</Filter>
    </ClCompile>
    <ClCompile Include="$(BSP_ROOT)\nRF5x\modules\nrfx\drivers\src\nrfx_rng.c">
      <Filter>Source files\Device-specific files\Peripheral Drivers</Filter>
    </ClCompile>
    <ClCompile Include="$(BSP_ROOT)\nRF5x\modules\nrfx\drivers\src\nrfx_rtc.c">
      <Filter>Source files\Device-specific files\Peripheral Drivers</Filter>
    </ClCompile>
    <ClCompile Include="$(BSP_ROOT)\nRF5x\modules\nrfx\drivers\src\nrfx_saadc.c">
      <Filter>Source files\Device-specific files\Peripheral Drivers</Filter>
    </ClCompile>
    <ClCompile Include="$(BSP_ROOT)\nRF5x\modules\nrfx\drivers\src\nrfx_spi.c">
      <Filter>Source files\Device-specific files\Peripheral Drivers</Filter>
    </ClCompile>
    <ClCompile Include="$(BSP_ROOT)\nRF5x\modules\nrfx\drivers\src\nrfx_spim.c">
      <Filter>Source files\Device-specific files\Peripheral Drivers</Filter>
    </ClCompile>
    <ClCompile Include="$(BSP_ROOT)\nRF5x\modules\nrfx\drivers\src\nrfx_spis.c">
      <Filter>Source files\Device-specific files\Peripheral Drivers</Filter>
    </ClCompile>
    <ClCompile Include="$(BSP_ROOT)\nRF5x\modules\nrfx\drivers\src\nrfx_swi.c">
      <Filter>Source files\Device-specific files\Peripheral Drivers</Filter>
    </ClCompile>
    <ClCompile Include="$(BSP_ROOT)\nRF5x\modules\nrfx\drivers\src\nrfx_systick.c">
      <Filter>Source files\Device-specific files\Peripheral Drivers</Filter>
    </ClCompile>
    <ClCompile Include="$(BSP_ROOT)\nRF5x\modules\nrfx\drivers\src\nrfx_timer.c">
      <Filter>Source files\Device-specific files\Peripheral Drivers</Filter>
    </ClCompile>
    <ClCompile Include="$(BSP_ROOT)\nRF5x\modules\nrfx\drivers\src\nrfx_twi.c">
      <Filter>Source files\Device-specific files\Peripheral Drivers</Filter>
    </ClCompile>
    <ClCompile Include="$(BSP_ROOT)\nRF5x\modules\nrfx\drivers\src\nrfx_twim.c">
      <Filter>Source files\Device-specific files\Peripheral Drivers</Filter>
    </ClCompile>
    <ClCompile Include="$(BSP_ROOT)\nRF5x\modules\nrfx\drivers\src\nrfx_twis.c">
      <Filter>Source files\Device-specific files\Peripheral Drivers</Filter>
    </ClCompile>
    <ClCompile Include="$(BSP_ROOT)\nRF5x\modules\nrfx\drivers\src\nrfx_uart.c">
      <Filter>Source files\Device-specific files\Peripheral Drivers</Filter>
    </ClCompile>
    <ClCompile Include="$(BSP_ROOT)\nRF5x\modules\nrfx\drivers\src\nrfx_uarte.c">
      <Filter>Source files\Device-specific files\Peripheral Drivers</Filter>
    </ClCompile>
    <ClCompile Include="$(BSP_ROOT)\nRF5x\modules\nrfx\drivers\src\nrfx_wdt.c">
      <Filter>Source files\Device-specific files\Peripheral Drivers</Filter>
    </ClCompile>
    <ClCompile Include="$(BSP_ROOT)\nRF5x\modules\nrfx\drivers\src\prs\nrfx_prs.c">
      <Filter>Source files\Device-specific files\Peripheral Drivers</Filter>
    </ClCompile>
    <ClCompile Include="$(BSP_ROOT)\nRF5x\modules\nrfx\hal\nrf_ecb.c">
      <Filter>Source files\Device-specific files\Peripheral Drivers</Filter>
    </ClCompile>
    <ClCompile Include="$(BSP_ROOT)\nRF5x\modules\nrfx\hal\nrf_nvmc.c">
      <Filter>Source files\Device-specific files\Peripheral Drivers</Filter>
    </ClCompile>
    <ClCompile Include="$(BSP_ROOT)\nRF5x\ble_advertising\ble_advertising.c">
      <Filter>Source files\Device-specific files\BLE Connectable Advertising Support</Filter>
    </ClCompile>
    <ClCompile Include="$(BSP_ROOT)\nRF5x\ble_services\ble_bas\ble_bas.c">
      <Filter>Source files\Device-specific files\BLE Battery Service</Filter>
    </ClCompile>
    <ClCompile Include="$(BSP_ROOT)\nRF5x\ble_services\ble_dis\ble_dis.c">
      <Filter>Source files\Device-specific files\BLE Device Information Service</Filter>
    </ClCompile>
    <ClCompile Include="$(BSP_ROOT)\nRF5x\ble_services\ble_hids\ble_hids.c">
      <Filter>Source files\Device-specific files\BLE Human Interface Device Service</Filter>
    </ClCompile>
    <ClCompile Include="$(BSP_ROOT)\nRF5x\ble_link_ctx_manager\ble_link_ctx_manager.c">
      <Filter>Source files\Device-specific files\BLE Ble_Link_CTX_manager</Filter>
    </ClCompile>
    <ClCompile Include="$(BSP_ROOT)\nRF5x\nrf_ble_qwr\nrf_ble_qwr.c">
      <Filter>Source files\Device-specific files\BLE Nrf_Ble_Qwr</Filter>
    </ClCompile>
    <ClInclude Include="sdk_config.h">
      <Filter>Header files</Filter>
    </ClInclude>
    <ClInclude Include="$(BSP_ROOT)\nRF5x\modules\nrfx\mdk\system_nrf51.h">
      <Filter>Header files\Device-specific files</Filter>
    </ClInclude>
    <ClInclude Include="$(BSP_ROOT)\nRF5x\modules\nrfx\mdk\system_nrf52.h">
      <Filter>Header files\Device-specific files</Filter>
    </ClInclude>
    <ClInclude Include="$(BSP_ROOT)\nRF5x\modules\nrfx\mdk\system_nrf52810.h">
      <Filter>Header files\Device-specific files</Filter>
    </ClInclude>
    <ClInclude Include="$(BSP_ROOT)\nRF5x\modules\nrfx\mdk\system_nrf52840.h">
      <Filter>Header files\Device-specific files</Filter>
    </ClInclude>
    <ClInclude Include="$(BSP_ROOT)\nRF5x\components\toolchain\cmsis\include\arm_common_tables.h">
      <Filter>Header files\Device-specific files</Filter>
    </ClInclude>
    <ClInclude Include="$(BSP_ROOT)\nRF5x\components\toolchain\cmsis\include\arm_const_structs.h">
      <Filter>Header files\Device-specific files</Filter>
    </ClInclude>
    <ClInclude Include="$(BSP_ROOT)\nRF5x\components\toolchain\cmsis\include\arm_math.h">
      <Filter>Header files\Device-specific files</Filter>
    </ClInclude>
    <ClInclude Include="$(BSP_ROOT)\nRF5x\components\toolchain\cmsis\include\cmsis_armcc.h">
      <Filter>Header files\Device-specific files</Filter>
    </ClInclude>
    <ClInclude Include="$(BSP_ROOT)\nRF5x\components\toolchain\cmsis\include\cmsis_armcc_V6.h">
      <Filter>Header files\Device-specific files</Filter>
    </ClInclude>
    <ClInclude Include="$(BSP_ROOT)\nRF5x\components\toolchain\cmsis\include\cmsis_gcc.h">
      <Filter>Header files\Device-specific files</Filter>
    </ClInclude>
    <ClInclude Include="$(BSP_ROOT)\nRF5x\components\toolchain\cmsis\include\core_cm0.h">
      <Filter>Header files\Device-specific files</Filter>
    </ClInclude>
    <ClInclude Include="$(BSP_ROOT)\nRF5x\components\toolchain\cmsis\include\core_cm0plus.h">
      <Filter>Header files\Device-specific files</Filter>
    </ClInclude>
    <ClInclude Include="$(BSP_ROOT)\nRF5x\components\toolchain\cmsis\include\core_cm3.h">
      <Filter>Header files\Device-specific files</Filter>
    </ClInclude>
    <ClInclude Include="$(BSP_ROOT)\nRF5x\components\toolchain\cmsis\include\core_cm4.h">
      <Filter>Header files\Device-specific files</Filter>
    </ClInclude>
    <ClInclude Include="$(BSP_ROOT)\nRF5x\components\toolchain\cmsis\include\core_cm7.h">
      <Filter>Header files\Device-specific files</Filter>
    </ClInclude>
    <ClInclude Include="$(BSP_ROOT)\nRF5x\components\toolchain\cmsis\include\core_cmFunc.h">
      <Filter>Header files\Device-specific files</Filter>
    </ClInclude>
    <ClInclude Include="$(BSP_ROOT)\nRF5x\components\toolchain\cmsis\include\core_cmInstr.h">
      <Filter>Header files\Device-specific files</Filter>
    </ClInclude>
    <ClInclude Include="$(BSP_ROOT)\nRF5x\components\toolchain\cmsis\include\core_cmSimd.h">
      <Filter>Header files\Device-specific files</Filter>
    </ClInclude>
    <ClInclude Include="$(BSP_ROOT)\nRF5x\components\toolchain\cmsis\include\core_sc000.h">
      <Filter>Header files\Device-specific files</Filter>
    </ClInclude>
    <ClInclude Include="$(BSP_ROOT)\nRF5x\components\toolchain\cmsis\include\core_sc300.h">
      <Filter>Header files\Device-specific files</Filter>
    </ClInclude>
    <ClInclude Include="$(BSP_ROOT)\nRF5x\components\libraries\util\app_error.h">
      <Filter>Header files\Device-specific files\Utils</Filter>
    </ClInclude>
    <ClInclude Include="$(BSP_ROOT)\nRF5x\components\libraries\util\app_error_weak.h">
      <Filter>Header files\Device-specific files\Utils</Filter>
    </ClInclude>
    <ClInclude Include="$(BSP_ROOT)\nRF5x\components\libraries\util\app_util.h">
      <Filter>Header files\Device-specific files\Utils</Filter>
    </ClInclude>
    <ClInclude Include="$(BSP_ROOT)\nRF5x\components\libraries\util\app_util_bds.h">
      <Filter>Header files\Device-specific files\Utils</Filter>
    </ClInclude>
    <ClInclude Include="$(BSP_ROOT)\nRF5x\components\libraries\util\app_util_platform.h">
      <Filter>Header files\Device-specific files\Utils</Filter>
    </ClInclude>
    <ClInclude Include="$(BSP_ROOT)\nRF5x\components\libraries\util\nordic_common.h">
      <Filter>Header files\Device-specific files\Utils</Filter>
    </ClInclude>
    <ClInclude Include="$(BSP_ROOT)\nRF5x\components\libraries\util\nrf_assert.h">
      <Filter>Header files\Device-specific files\Utils</Filter>
    </ClInclude>
    <ClInclude Include="$(BSP_ROOT)\nRF5x\components\libraries\util\nrf_bitmask.h">
      <Filter>Header files\Device-specific files\Utils</Filter>
    </ClInclude>
    <ClInclude Include="$(BSP_ROOT)\nRF5x\components\libraries\util\sdk_alloca.h">
      <Filter>Header files\Device-specific files\Utils</Filter>
    </ClInclude>
    <ClInclude Include="$(BSP_ROOT)\nRF5x\components\libraries\util\sdk_common.h">
      <Filter>Header files\Device-specific files\Utils</Filter>
    </ClInclude>
    <ClInclude Include="$(BSP_ROOT)\nRF5x\components\libraries\util\sdk_errors.h">
      <Filter>Header files\Device-specific files\Utils</Filter>
    </ClInclude>
    <ClInclude Include="$(BSP_ROOT)\nRF5x\components\libraries\util\sdk_macros.h">
      <Filter>Header files\Device-specific files\Utils</Filter>
    </ClInclude>
    <ClInclude Include="$(BSP_ROOT)\nRF5x\components\libraries\util\sdk_mapped_flags.h">
      <Filter>Header files\Device-specific files\Utils</Filter>
    </ClInclude>
    <ClInclude Include="$(BSP_ROOT)\nRF5x\components\libraries\util\sdk_os.h">
      <Filter>Header files\Device-specific files\Utils</Filter>
    </ClInclude>
    <ClInclude Include="$(BSP_ROOT)\nRF5x\components\libraries\util\sdk_resources.h">
      <Filter>Header files\Device-specific files\Utils</Filter>
    </ClInclude>
    <ClInclude Include="$(BSP_ROOT)\nRF5x\components\ble\peer_manager\gatts_cache_manager.h">
      <Filter>Header files\Device-specific files\Peer Manager</Filter>
    </ClInclude>
    <ClInclude Include="$(BSP_ROOT)\nRF5x\components\ble\peer_manager\gatt_cache_manager.h">
      <Filter>Header files\Device-specific files\Peer Manager</Filter>
    </ClInclude>
    <ClInclude Include="$(BSP_ROOT)\nRF5x\components\ble\peer_manager\id_manager.h">
      <Filter>Header files\Device-specific files\Peer Manager</Filter>
    </ClInclude>
    <ClInclude Include="$(BSP_ROOT)\nRF5x\components\ble\peer_manager\peer_database.h">
      <Filter>Header files\Device-specific files\Peer Manager</Filter>
    </ClInclude>
    <ClInclude Include="$(BSP_ROOT)\nRF5x\components\ble\peer_manager\peer_data_storage.h">
      <Filter>Header files\Device-specific files\Peer Manager</Filter>
    </ClInclude>
    <ClInclude Include="$(BSP_ROOT)\nRF5x\components\ble\peer_manager\peer_id.h">
      <Filter>Header files\Device-specific files\Peer Manager</Filter>
    </ClInclude>
    <ClInclude Include="$(BSP_ROOT)\nRF5x\components\ble\peer_manager\peer_manager.h">
      <Filter>Header files\Device-specific files\Peer Manager</Filter>
    </ClInclude>
    <ClInclude Include="$(BSP_ROOT)\nRF5x\components\ble\peer_manager\peer_manager_internal.h">
      <Filter>Header files\Device-specific files\Peer Manager</Filter>
    </ClInclude>
    <ClInclude Include="$(BSP_ROOT)\nRF5x\components\ble\peer_manager\peer_manager_types.h">
      <Filter>Header files\Device-specific files\Peer Manager</Filter>
    </ClInclude>
    <ClInclude Include="$(BSP_ROOT)\nRF5x\components\ble\peer_manager\pm_buffer.h">
      <Filter>Header files\Device-specific files\Peer Manager</Filter>
    </ClInclude>
    <ClInclude Include="$(BSP_ROOT)\nRF5x\components\ble\peer_manager\pm_mutex.h">
      <Filter>Header files\Device-specific files\Peer Manager</Filter>
    </ClInclude>
    <ClInclude Include="$(BSP_ROOT)\nRF5x\components\ble\peer_manager\security_dispatcher.h">
      <Filter>Header files\Device-specific files\Peer Manager</Filter>
    </ClInclude>
    <ClInclude Include="$(BSP_ROOT)\nRF5x\components\ble\peer_manager\security_manager.h">
      <Filter>Header files\Device-specific files\Peer Manager</Filter>
    </ClInclude>
    <ClInclude Include="$(BSP_ROOT)\nRF5x\components\ble\nrf_ble_gatt\nrf_ble_gatt.h">
      <Filter>Header files\Device-specific files\GATT</Filter>
    </ClInclude>
    <ClInclude Include="$(BSP_ROOT)\nRF5x\components\boards\arduino_primo.h">
      <Filter>Header files\Device-specific files\Boards</Filter>
    </ClInclude>
    <ClInclude Include="$(BSP_ROOT)\nRF5x\components\boards\boards.h">
      <Filter>Header files\Device-specific files\Boards</Filter>
    </ClInclude>
    <ClInclude Include="$(BSP_ROOT)\nRF5x\components\boards\d52_starterkit.h">
      <Filter>Header files\Device-specific files\Boards</Filter>
    </ClInclude>
    <ClInclude Include="$(BSP_ROOT)\nRF5x\components\boards\n5_starterkit.h">
      <Filter>Header files\Device-specific files\Boards</Filter>
    </ClInclude>
    <ClInclude Include="$(BSP_ROOT)\nRF5x\components\boards\nrf6310.h">
      <Filter>Header files\Device-specific files\Boards</Filter>
    </ClInclude>
    <ClInclude Include="$(BSP_ROOT)\nRF5x\components\boards\pca10000.h">
      <Filter>Header files\Device-specific files\Boards</Filter>
    </ClInclude>
    <ClInclude Include="$(BSP_ROOT)\nRF5x\components\boards\pca10001.h">
      <Filter>Header files\Device-specific files\Boards</Filter>
    </ClInclude>
    <ClInclude Include="$(BSP_ROOT)\nRF5x\components\boards\pca10003.h">
      <Filter>Header files\Device-specific files\Boards</Filter>
    </ClInclude>
    <ClInclude Include="$(BSP_ROOT)\nRF5x\components\boards\pca10028.h">
      <Filter>Header files\Device-specific files\Boards</Filter>
    </ClInclude>
    <ClInclude Include="$(BSP_ROOT)\nRF5x\components\boards\pca10031.h">
      <Filter>Header files\Device-specific files\Boards</Filter>
    </ClInclude>
    <ClInclude Include="$(BSP_ROOT)\nRF5x\components\boards\pca10036.h">
      <Filter>Header files\Device-specific files\Boards</Filter>
    </ClInclude>
    <ClInclude Include="$(BSP_ROOT)\nRF5x\components\boards\pca10040.h">
      <Filter>Header files\Device-specific files\Boards</Filter>
    </ClInclude>
    <ClInclude Include="$(BSP_ROOT)\nRF5x\components\boards\pca10056.h">
      <Filter>Header files\Device-specific files\Boards</Filter>
    </ClInclude>
    <ClInclude Include="$(BSP_ROOT)\nRF5x\components\boards\pca10059.h">
      <Filter>Header files\Device-specific files\Boards</Filter>
    </ClInclude>
    <ClInclude Include="$(BSP_ROOT)\nRF5x\components\boards\pca20006.h">
      <Filter>Header files\Device-specific files\Boards</Filter>
    </ClInclude>
    <ClInclude Include="$(BSP_ROOT)\nRF5x\components\boards\pca20020.h">
      <Filter>Header files\Device-specific files\Boards</Filter>
    </ClInclude>
    <ClInclude Include="$(BSP_ROOT)\nRF5x\components\boards\wt51822.h">
      <Filter>Header files\Device-specific files\Boards</Filter>
    </ClInclude>
    <ClInclude Include="$(BSP_ROOT)\nRF5x\components\libraries\atomic\nrf_atomic.h">
      <Filter>Header files\Device-specific files\Libraries</Filter>
    </ClInclude>
    <ClInclude Include="$(BSP_ROOT)\nRF5x\components\libraries\atomic\nrf_atomic_internal.h">
      <Filter>Header files\Device-specific files\Libraries</Filter>
    </ClInclude>
    <ClInclude Include="$(BSP_ROOT)\nRF5x\components\libraries\atomic\nrf_atomic_sanity_check.h">
      <Filter>Header files\Device-specific files\Libraries</Filter>
    </ClInclude>
    <ClInclude Include="$(BSP_ROOT)\nRF5x\components\libraries\atomic_fifo\nrf_atfifo.h">
      <Filter>Header files\Device-specific files\Libraries</Filter>
    </ClInclude>
    <ClInclude Include="$(BSP_ROOT)\nRF5x\components\libraries\atomic_fifo\nrf_atfifo_internal.h">
      <Filter>Header files\Device-specific files\Libraries</Filter>
    </ClInclude>
    <ClInclude Include="$(BSP_ROOT)\nRF5x\components\libraries\atomic_flags\nrf_atflags.h">
      <Filter>Header files\Device-specific files\Libraries</Filter>
    </ClInclude>
    <ClInclude Include="$(BSP_ROOT)\nRF5x\components\libraries\balloc\nrf_balloc.h">
      <Filter>Header files\Device-specific files\Libraries</Filter>
    </ClInclude>
    <ClInclude Include="$(BSP_ROOT)\nRF5x\components\libraries\bsp\bsp.h">
      <Filter>Header files\Device-specific files\Libraries</Filter>
    </ClInclude>
    <ClInclude Include="$(BSP_ROOT)\nRF5x\components\libraries\bsp\bsp_btn_ant.h">
      <Filter>Header files\Device-specific files\Libraries</Filter>
    </ClInclude>
    <ClInclude Include="$(BSP_ROOT)\nRF5x\components\libraries\bsp\bsp_btn_ble.h">
      <Filter>Header files\Device-specific files\Libraries</Filter>
    </ClInclude>
    <ClInclude Include="$(BSP_ROOT)\nRF5x\components\libraries\bsp\bsp_cli.h">
      <Filter>Header files\Device-specific files\Libraries</Filter>
    </ClInclude>
    <ClInclude Include="$(BSP_ROOT)\nRF5x\components\libraries\bsp\bsp_config.h">
      <Filter>Header files\Device-specific files\Libraries</Filter>
    </ClInclude>
    <ClInclude Include="$(BSP_ROOT)\nRF5x\components\libraries\bsp\bsp_nfc.h">
      <Filter>Header files\Device-specific files\Libraries</Filter>
    </ClInclude>
    <ClInclude Include="$(BSP_ROOT)\nRF5x\components\libraries\button\app_button.h">
      <Filter>Header files\Device-specific files\Libraries</Filter>
    </ClInclude>
    <ClInclude Include="$(BSP_ROOT)\nRF5x\components\libraries\crc16\crc16.h">
      <Filter>Header files\Device-specific files\Libraries</Filter>
    </ClInclude>
    <ClInclude Include="$(BSP_ROOT)\nRF5x\components\libraries\csense_drv\nrf_drv_csense.h">
      <Filter>Header files\Device-specific files\Libraries</Filter>
    </ClInclude>
    <ClInclude Include="$(BSP_ROOT)\nRF5x\components\libraries\experimental_log\nrf_log.h">
      <Filter>Header files\Device-specific files\Libraries</Filter>
    </ClInclude>
    <ClInclude Include="$(BSP_ROOT)\nRF5x\components\libraries\experimental_log\nrf_log_backend_flash.h">
      <Filter>Header files\Device-specific files\Libraries</Filter>
    </ClInclude>
    <ClInclude Include="$(BSP_ROOT)\nRF5x\components\libraries\experimental_log\nrf_log_backend_interface.h">
      <Filter>Header files\Device-specific files\Libraries</Filter>
    </ClInclude>
    <ClInclude Include="$(BSP_ROOT)\nRF5x\components\libraries\experimental_log\nrf_log_backend_rtt.h">
      <Filter>Header files\Device-specific files\Libraries</Filter>
    </ClInclude>
    <ClInclude Include="$(BSP_ROOT)\nRF5x\components\libraries\experimental_log\nrf_log_backend_uart.h">
      <Filter>Header files\Device-specific files\Libraries</Filter>
    </ClInclude>
    <ClInclude Include="$(BSP_ROOT)\nRF5x\components\libraries\experimental_log\nrf_log_ctrl.h">
      <Filter>Header files\Device-specific files\Libraries</Filter>
    </ClInclude>
    <ClInclude Include="$(BSP_ROOT)\nRF5x\components\libraries\experimental_log\nrf_log_default_backends.h">
      <Filter>Header files\Device-specific files\Libraries</Filter>
    </ClInclude>
    <ClInclude Include="$(BSP_ROOT)\nRF5x\components\libraries\experimental_log\nrf_log_instance.h">
      <Filter>Header files\Device-specific files\Libraries</Filter>
    </ClInclude>
    <ClInclude Include="$(BSP_ROOT)\nRF5x\components\libraries\experimental_log\nrf_log_str_formatter.h">
      <Filter>Header files\Device-specific files\Libraries</Filter>
    </ClInclude>
    <ClInclude Include="$(BSP_ROOT)\nRF5x\components\libraries\experimental_log\nrf_log_types.h">
      <Filter>Header files\Device-specific files\Libraries</Filter>
    </ClInclude>
    <ClInclude Include="$(BSP_ROOT)\nRF5x\components\libraries\experimental_log\src\nrf_log_backend_serial.h">
      <Filter>Header files\Device-specific files\Libraries</Filter>
    </ClInclude>
    <ClInclude Include="$(BSP_ROOT)\nRF5x\components\libraries\experimental_log\src\nrf_log_ctrl_internal.h">
      <Filter>Header files\Device-specific files\Libraries</Filter>
    </ClInclude>
    <ClInclude Include="$(BSP_ROOT)\nRF5x\components\libraries\experimental_log\src\nrf_log_internal.h">
      <Filter>Header files\Device-specific files\Libraries</Filter>
    </ClInclude>
    <ClInclude Include="$(BSP_ROOT)\nRF5x\components\libraries\experimental_memobj\nrf_memobj.h">
      <Filter>Header files\Device-specific files\Libraries</Filter>
    </ClInclude>
    <ClInclude Include="$(BSP_ROOT)\nRF5x\components\libraries\experimental_section_vars\nrf_section.h">
      <Filter>Header files\Device-specific files\Libraries</Filter>
    </ClInclude>
    <ClInclude Include="$(BSP_ROOT)\nRF5x\components\libraries\experimental_section_vars\nrf_section_iter.h">
      <Filter>Header files\Device-specific files\Libraries</Filter>
    </ClInclude>
    <ClInclude Include="$(BSP_ROOT)\nRF5x\components\libraries\fds\fds.h">
      <Filter>Header files\Device-specific files\Libraries</Filter>
    </ClInclude>
    <ClInclude Include="$(BSP_ROOT)\nRF5x\components\libraries\fds\fds_internal_defs.h">
      <Filter>Header files\Device-specific files\Libraries</Filter>
    </ClInclude>
    <ClInclude Include="$(BSP_ROOT)\nRF5x\components\libraries\fifo\app_fifo.h">
      <Filter>Header files\Device-specific files\Libraries</Filter>
    </ClInclude>
    <ClInclude Include="$(BSP_ROOT)\nRF5x\components\libraries\fstorage\nrf_fstorage.h">
      <Filter>Header files\Device-specific files\Libraries</Filter>
    </ClInclude>
    <ClInclude Include="$(BSP_ROOT)\nRF5x\components\libraries\fstorage\nrf_fstorage_nvmc.h">
      <Filter>Header files\Device-specific files\Libraries</Filter>
    </ClInclude>
    <ClInclude Include="$(BSP_ROOT)\nRF5x\components\libraries\fstorage\nrf_fstorage_sd.h">
      <Filter>Header files\Device-specific files\Libraries</Filter>
    </ClInclude>
    <ClInclude Include="$(BSP_ROOT)\nRF5x\components\libraries\gfx\nrf_gfx.h">
      <Filter>Header files\Device-specific files\Libraries</Filter>
    </ClInclude>
    <ClInclude Include="$(BSP_ROOT)\nRF5x\components\libraries\gfx\nrf_lcd.h">
      <Filter>Header files\Device-specific files\Libraries</Filter>
    </ClInclude>
    <ClInclude Include="$(BSP_ROOT)\nRF5x\components\libraries\hardfault\hardfault.h">
      <Filter>Header files\Device-specific files\Libraries</Filter>
    </ClInclude>
    <ClInclude Include="$(BSP_ROOT)\nRF5x\components\libraries\hardfault\hardfault_genhf.h">
      <Filter>Header files\Device-specific files\Libraries</Filter>
    </ClInclude>
    <ClInclude Include="$(BSP_ROOT)\nRF5x\components\libraries\hci\hci_mem_pool.h">
      <Filter>Header files\Device-specific files\Libraries</Filter>
    </ClInclude>
    <ClInclude Include="$(BSP_ROOT)\nRF5x\components\libraries\hci\hci_slip.h">
      <Filter>Header files\Device-specific files\Libraries</Filter>
    </ClInclude>
    <ClInclude Include="$(BSP_ROOT)\nRF5x\components\libraries\hci\hci_transport.h">
      <Filter>Header files\Device-specific files\Libraries</Filter>
    </ClInclude>
    <ClInclude Include="$(BSP_ROOT)\nRF5x\components\libraries\pwm\app_pwm.h">
      <Filter>Header files\Device-specific files\Libraries</Filter>
    </ClInclude>
    <ClInclude Include="$(BSP_ROOT)\nRF5x\components\libraries\pwr_mgmt\nrf_pwr_mgmt.h">
      <Filter>Header files\Device-specific files\Libraries</Filter>
    </ClInclude>
    <ClInclude Include="$(BSP_ROOT)\nRF5x\components\libraries\scheduler\app_scheduler.h">
      <Filter>Header files\Device-specific files\Libraries</Filter>
    </ClInclude>
    <ClInclude Include="$(BSP_ROOT)\nRF5x\components\libraries\sensorsim\sensorsim.h">
      <Filter>Header files\Device-specific files\Libraries</Filter>
    </ClInclude>
    <ClInclude Include="$(BSP_ROOT)\nRF5x\components\libraries\serial\nrf_serial.h">
      <Filter>Header files\Device-specific files\Libraries</Filter>
    </ClInclude>
    <ClInclude Include="$(BSP_ROOT)\nRF5x\components\libraries\sha256\sha256.h">
      <Filter>Header files\Device-specific files\Libraries</Filter>
    </ClInclude>
    <ClInclude Include="$(BSP_ROOT)\nRF5x\components\libraries\strerror\nrf_strerror.h">
      <Filter>Header files\Device-specific files\Libraries</Filter>
    </ClInclude>
    <ClInclude Include="$(BSP_ROOT)\nRF5x\components\libraries\timer\app_timer.h">
      <Filter>Header files\Device-specific files\Libraries</Filter>
    </ClInclude>
    <ClInclude Include="$(BSP_ROOT)\nRF5x\components\libraries\uart\app_uart.h">
      <Filter>Header files\Device-specific files\Libraries</Filter>
    </ClInclude>
    <ClInclude Include="$(BSP_ROOT)\nRF5x\external\fprintf\nrf_fprintf.h">
      <Filter>Header files\Device-specific files\Libraries</Filter>
    </ClInclude>
    <ClInclude Include="$(BSP_ROOT)\nRF5x\external\fprintf\nrf_fprintf_format.h">
      <Filter>Header files\Device-specific files\Libraries</Filter>
    </ClInclude>
    <ClInclude Include="$(BSP_ROOT)\nRF5x\components\softdevice\common\nrf_sdh.h">
      <Filter>Header files\Device-specific files\Libraries</Filter>
    </ClInclude>
    <ClInclude Include="$(BSP_ROOT)\nRF5x\components\softdevice\common\nrf_sdh_ant.h">
      <Filter>Header files\Device-specific files\Libraries</Filter>
    </ClInclude>
    <ClInclude Include="$(BSP_ROOT)\nRF5x\components\softdevice\common\nrf_sdh_ble.h">
      <Filter>Header files\Device-specific files\Libraries</Filter>
    </ClInclude>
    <ClInclude Include="$(BSP_ROOT)\nRF5x\components\softdevice\common\nrf_sdh_freertos.h">
      <Filter>Header files\Device-specific files\Libraries</Filter>
    </ClInclude>
    <ClInclude Include="$(BSP_ROOT)\nRF5x\components\softdevice\common\nrf_sdh_soc.h">
      <Filter>Header files\Device-specific files\Libraries</Filter>
    </ClInclude>
    <ClInclude Include="$(BSP_ROOT)\nRF5x\components\ble\common\ble_advdata.h">
      <Filter>Header files\Device-specific files\BLE Common</Filter>
    </ClInclude>
    <ClInclude Include="$(BSP_ROOT)\nRF5x\components\ble\common\ble_conn_params.h">
      <Filter>Header files\Device-specific files\BLE Common</Filter>
    </ClInclude>
    <ClInclude Include="$(BSP_ROOT)\nRF5x\components\ble\common\ble_conn_state.h">
      <Filter>Header files\Device-specific files\BLE Common</Filter>
    </ClInclude>
    <ClInclude Include="$(BSP_ROOT)\nRF5x\components\ble\common\ble_date_time.h">
      <Filter>Header files\Device-specific files\BLE Common</Filter>
    </ClInclude>
    <ClInclude Include="$(BSP_ROOT)\nRF5x\components\ble\common\ble_gatt_db.h">
      <Filter>Header files\Device-specific files\BLE Common</Filter>
    </ClInclude>
    <ClInclude Include="$(BSP_ROOT)\nRF5x\components\ble\common\ble_sensor_location.h">
      <Filter>Header files\Device-specific files\BLE Common</Filter>
    </ClInclude>
    <ClInclude Include="$(BSP_ROOT)\nRF5x\components\ble\common\ble_srv_common.h">
      <Filter>Header files\Device-specific files\BLE Common</Filter>
    </ClInclude>
    <ClInclude Include="$(BSP_ROOT)\nRF5x\modules\nrfx\nrfx.h">
      <Filter>Header files\Device-specific files\Peripheral Drivers</Filter>
    </ClInclude>
    <ClInclude Include="$(BSP_ROOT)\nRF5x\modules\nrfx\drivers\nrfx_common.h">
      <Filter>Header files\Device-specific files\Peripheral Drivers</Filter>
    </ClInclude>
    <ClInclude Include="$(BSP_ROOT)\nRF5x\modules\nrfx\drivers\nrfx_errors.h">
      <Filter>Header files\Device-specific files\Peripheral Drivers</Filter>
    </ClInclude>
    <ClInclude Include="$(BSP_ROOT)\nRF5x\modules\nrfx\drivers\include\nrfx_adc.h">
      <Filter>Header files\Device-specific files\Peripheral Drivers</Filter>
    </ClInclude>
    <ClInclude Include="$(BSP_ROOT)\nRF5x\modules\nrfx\drivers\include\nrfx_clock.h">
      <Filter>Header files\Device-specific files\Peripheral Drivers</Filter>
    </ClInclude>
    <ClInclude Include="$(BSP_ROOT)\nRF5x\modules\nrfx\drivers\include\nrfx_comp.h">
      <Filter>Header files\Device-specific files\Peripheral Drivers</Filter>
    </ClInclude>
    <ClInclude Include="$(BSP_ROOT)\nRF5x\modules\nrfx\drivers\include\nrfx_gpiote.h">
      <Filter>Header files\Device-specific files\Peripheral Drivers</Filter>
    </ClInclude>
    <ClInclude Include="$(BSP_ROOT)\nRF5x\modules\nrfx\drivers\include\nrfx_i2s.h">
      <Filter>Header files\Device-specific files\Peripheral Drivers</Filter>
    </ClInclude>
    <ClInclude Include="$(BSP_ROOT)\nRF5x\modules\nrfx\drivers\include\nrfx_lpcomp.h">
      <Filter>Header files\Device-specific files\Peripheral Drivers</Filter>
    </ClInclude>
    <ClInclude Include="$(BSP_ROOT)\nRF5x\modules\nrfx\drivers\include\nrfx_pdm.h">
      <Filter>Header files\Device-specific files\Peripheral Drivers</Filter>
    </ClInclude>
    <ClInclude Include="$(BSP_ROOT)\nRF5x\modules\nrfx\drivers\include\nrfx_power.h">
      <Filter>Header files\Device-specific files\Peripheral Drivers</Filter>
    </ClInclude>
    <ClInclude Include="$(BSP_ROOT)\nRF5x\modules\nrfx\drivers\include\nrfx_power_clock.h">
      <Filter>Header files\Device-specific files\Peripheral Drivers</Filter>
    </ClInclude>
    <ClInclude Include="$(BSP_ROOT)\nRF5x\modules\nrfx\drivers\include\nrfx_ppi.h">
      <Filter>Header files\Device-specific files\Peripheral Drivers</Filter>
    </ClInclude>
    <ClInclude Include="$(BSP_ROOT)\nRF5x\modules\nrfx\drivers\include\nrfx_pwm.h">
      <Filter>Header files\Device-specific files\Peripheral Drivers</Filter>
    </ClInclude>
    <ClInclude Include="$(BSP_ROOT)\nRF5x\modules\nrfx\drivers\include\nrfx_qdec.h">
      <Filter>Header files\Device-specific files\Peripheral Drivers</Filter>
    </ClInclude>
    <ClInclude Include="$(BSP_ROOT)\nRF5x\modules\nrfx\drivers\include\nrfx_qspi.h">
      <Filter>Header files\Device-specific files\Peripheral Drivers</Filter>
    </ClInclude>
    <ClInclude Include="$(BSP_ROOT)\nRF5x\modules\nrfx\drivers\include\nrfx_rng.h">
      <Filter>Header files\Device-specific files\Peripheral Drivers</Filter>
    </ClInclude>
    <ClInclude Include="$(BSP_ROOT)\nRF5x\modules\nrfx\drivers\include\nrfx_rtc.h">
      <Filter>Header files\Device-specific files\Peripheral Drivers</Filter>
    </ClInclude>
    <ClInclude Include="$(BSP_ROOT)\nRF5x\modules\nrfx\drivers\include\nrfx_saadc.h">
      <Filter>Header files\Device-specific files\Peripheral Drivers</Filter>
    </ClInclude>
    <ClInclude Include="$(BSP_ROOT)\nRF5x\modules\nrfx\drivers\include\nrfx_spi.h">
      <Filter>Header files\Device-specific files\Peripheral Drivers</Filter>
    </ClInclude>
    <ClInclude Include="$(BSP_ROOT)\nRF5x\modules\nrfx\drivers\include\nrfx_spim.h">
      <Filter>Header files\Device-specific files\Peripheral Drivers</Filter>
    </ClInclude>
    <ClInclude Include="$(BSP_ROOT)\nRF5x\modules\nrfx\drivers\include\nrfx_spis.h">
      <Filter>Header files\Device-specific files\Peripheral Drivers</Filter>
    </ClInclude>
    <ClInclude Include="$(BSP_ROOT)\nRF5x\modules\nrfx\drivers\include\nrfx_swi.h">
      <Filter>Header files\Device-specific files\Peripheral Drivers</Filter>
    </ClInclude>
    <ClInclude Include="$(BSP_ROOT)\nRF5x\modules\nrfx\drivers\include\nrfx_systick.h">
      <Filter>Header files\Device-specific files\Peripheral Drivers</Filter>
    </ClInclude>
    <ClInclude Include="$(BSP_ROOT)\nRF5x\modules\nrfx\drivers\include\nrfx_timer.h">
      <Filter>Header files\Device-specific files\Peripheral Drivers</Filter>
    </ClInclude>
    <ClInclude Include="$(BSP_ROOT)\nRF5x\modules\nrfx\drivers\include\nrfx_twi.h">
      <Filter>Header files\Device-specific files\Peripheral Drivers</Filter>
    </ClInclude>
    <ClInclude Include="$(BSP_ROOT)\nRF5x\modules\nrfx\drivers\include\nrfx_twim.h">
      <Filter>Header files\Device-specific files\Peripheral Drivers</Filter>
    </ClInclude>
    <ClInclude Include="$(BSP_ROOT)\nRF5x\modules\nrfx\drivers\include\nrfx_twis.h">
      <Filter>Header files\Device-specific files\Peripheral Drivers</Filter>
    </ClInclude>
    <ClInclude Include="$(BSP_ROOT)\nRF5x\modules\nrfx\drivers\include\nrfx_uart.h">
      <Filter>Header files\Device-specific files\Peripheral Drivers</Filter>
    </ClInclude>
    <ClInclude Include="$(BSP_ROOT)\nRF5x\modules\nrfx\drivers\include\nrfx_uarte.h">
      <Filter>Header files\Device-specific files\Peripheral Drivers</Filter>
    </ClInclude>
    <ClInclude Include="$(BSP_ROOT)\nRF5x\modules\nrfx\drivers\include\nrfx_wdt.h">
      <Filter>Header files\Device-specific files\Peripheral Drivers</Filter>
    </ClInclude>
    <ClInclude Include="$(BSP_ROOT)\nRF5x\modules\nrfx\drivers\include\nrf_bitmask.h">
      <Filter>Header files\Device-specific files\Peripheral Drivers</Filter>
    </ClInclude>
    <ClInclude Include="$(BSP_ROOT)\nRF5x\modules\nrfx\drivers\src\prs\nrfx_prs.h">
      <Filter>Header files\Device-specific files\Peripheral Drivers</Filter>
    </ClInclude>
    <ClInclude Include="$(BSP_ROOT)\nRF5x\modules\nrfx\hal\nrf_adc.h">
      <Filter>Header files\Device-specific files\Peripheral Drivers</Filter>
    </ClInclude>
    <ClInclude Include="$(BSP_ROOT)\nRF5x\modules\nrfx\hal\nrf_clock.h">
      <Filter>Header files\Device-specific files\Peripheral Drivers</Filter>
    </ClInclude>
    <ClInclude Include="$(BSP_ROOT)\nRF5x\modules\nrfx\hal\nrf_comp.h">
      <Filter>Header files\Device-specific files\Peripheral Drivers</Filter>
    </ClInclude>
    <ClInclude Include="$(BSP_ROOT)\nRF5x\modules\nrfx\hal\nrf_ecb.h">
      <Filter>Header files\Device-specific files\Peripheral Drivers</Filter>
    </ClInclude>
    <ClInclude Include="$(BSP_ROOT)\nRF5x\modules\nrfx\hal\nrf_egu.h">
      <Filter>Header files\Device-specific files\Peripheral Drivers</Filter>
    </ClInclude>
    <ClInclude Include="$(BSP_ROOT)\nRF5x\modules\nrfx\hal\nrf_gpio.h">
      <Filter>Header files\Device-specific files\Peripheral Drivers</Filter>
    </ClInclude>
    <ClInclude Include="$(BSP_ROOT)\nRF5x\modules\nrfx\hal\nrf_gpiote.h">
      <Filter>Header files\Device-specific files\Peripheral Drivers</Filter>
    </ClInclude>
    <ClInclude Include="$(BSP_ROOT)\nRF5x\modules\nrfx\hal\nrf_i2s.h">
      <Filter>Header files\Device-specific files\Peripheral Drivers</Filter>
    </ClInclude>
    <ClInclude Include="$(BSP_ROOT)\nRF5x\modules\nrfx\hal\nrf_lpcomp.h">
      <Filter>Header files\Device-specific files\Peripheral Drivers</Filter>
    </ClInclude>
    <ClInclude Include="$(BSP_ROOT)\nRF5x\modules\nrfx\hal\nrf_nvmc.h">
      <Filter>Header files\Device-specific files\Peripheral Drivers</Filter>
    </ClInclude>
    <ClInclude Include="$(BSP_ROOT)\nRF5x\modules\nrfx\hal\nrf_pdm.h">
      <Filter>Header files\Device-specific files\Peripheral Drivers</Filter>
    </ClInclude>
    <ClInclude Include="$(BSP_ROOT)\nRF5x\modules\nrfx\hal\nrf_power.h">
      <Filter>Header files\Device-specific files\Peripheral Drivers</Filter>
    </ClInclude>
    <ClInclude Include="$(BSP_ROOT)\nRF5x\modules\nrfx\hal\nrf_ppi.h">
      <Filter>Header files\Device-specific files\Peripheral Drivers</Filter>
    </ClInclude>
    <ClInclude Include="$(BSP_ROOT)\nRF5x\modules\nrfx\hal\nrf_pwm.h">
      <Filter>Header files\Device-specific files\Peripheral Drivers</Filter>
    </ClInclude>
    <ClInclude Include="$(BSP_ROOT)\nRF5x\modules\nrfx\hal\nrf_qdec.h">
      <Filter>Header files\Device-specific files\Peripheral Drivers</Filter>
    </ClInclude>
    <ClInclude Include="$(BSP_ROOT)\nRF5x\modules\nrfx\hal\nrf_qspi.h">
      <Filter>Header files\Device-specific files\Peripheral Drivers</Filter>
    </ClInclude>
    <ClInclude Include="$(BSP_ROOT)\nRF5x\modules\nrfx\hal\nrf_rng.h">
      <Filter>Header files\Device-specific files\Peripheral Drivers</Filter>
    </ClInclude>
    <ClInclude Include="$(BSP_ROOT)\nRF5x\modules\nrfx\hal\nrf_rtc.h">
      <Filter>Header files\Device-specific files\Peripheral Drivers</Filter>
    </ClInclude>
    <ClInclude Include="$(BSP_ROOT)\nRF5x\modules\nrfx\hal\nrf_saadc.h">
      <Filter>Header files\Device-specific files\Peripheral Drivers</Filter>
    </ClInclude>
    <ClInclude Include="$(BSP_ROOT)\nRF5x\modules\nrfx\hal\nrf_spi.h">
      <Filter>Header files\Device-specific files\Peripheral Drivers</Filter>
    </ClInclude>
    <ClInclude Include="$(BSP_ROOT)\nRF5x\modules\nrfx\hal\nrf_spim.h">
      <Filter>Header files\Device-specific files\Peripheral Drivers</Filter>
    </ClInclude>
    <ClInclude Include="$(BSP_ROOT)\nRF5x\modules\nrfx\hal\nrf_spis.h">
      <Filter>Header files\Device-specific files\Peripheral Drivers</Filter>
    </ClInclude>
    <ClInclude Include="$(BSP_ROOT)\nRF5x\modules\nrfx\hal\nrf_systick.h">
      <Filter>Header files\Device-specific files\Peripheral Drivers</Filter>
    </ClInclude>
    <ClInclude Include="$(BSP_ROOT)\nRF5x\modules\nrfx\hal\nrf_temp.h">
      <Filter>Header files\Device-specific files\Peripheral Drivers</Filter>
    </ClInclude>
    <ClInclude Include="$(BSP_ROOT)\nRF5x\modules\nrfx\hal\nrf_timer.h">
      <Filter>Header files\Device-specific files\Peripheral Drivers</Filter>
    </ClInclude>
    <ClInclude Include="$(BSP_ROOT)\nRF5x\modules\nrfx\hal\nrf_twi.h">
      <Filter>Header files\Device-specific files\Peripheral Drivers</Filter>
    </ClInclude>
    <ClInclude Include="$(BSP_ROOT)\nRF5x\modules\nrfx\hal\nrf_twim.h">
      <Filter>Header files\Device-specific files\Peripheral Drivers</Filter>
    </ClInclude>
    <ClInclude Include="$(BSP_ROOT)\nRF5x\modules\nrfx\hal\nrf_twis.h">
      <Filter>Header files\Device-specific files\Peripheral Drivers</Filter>
    </ClInclude>
    <ClInclude Include="$(BSP_ROOT)\nRF5x\modules\nrfx\hal\nrf_uart.h">
      <Filter>Header files\Device-specific files\Peripheral Drivers</Filter>
    </ClInclude>
    <ClInclude Include="$(BSP_ROOT)\nRF5x\modules\nrfx\hal\nrf_uarte.h">
      <Filter>Header files\Device-specific files\Peripheral Drivers</Filter>
    </ClInclude>
    <ClInclude Include="$(BSP_ROOT)\nRF5x\modules\nrfx\hal\nrf_usbd.h">
      <Filter>Header files\Device-specific files\Peripheral Drivers</Filter>
    </ClInclude>
    <ClInclude Include="$(BSP_ROOT)\nRF5x\modules\nrfx\hal\nrf_wdt.h">
      <Filter>Header files\Device-specific files\Peripheral Drivers</Filter>
    </ClInclude>
    <ClInclude Include="$(BSP_ROOT)\nRF5x\modules\nrfx\mdk\compiler_abstraction.h">
      <Filter>Header files\Device-specific files\Peripheral Drivers</Filter>
    </ClInclude>
    <ClInclude Include="$(BSP_ROOT)\nRF5x\modules\nrfx\mdk\nrf.h">
      <Filter>Header files\Device-specific files\Peripheral Drivers</Filter>
    </ClInclude>
    <ClInclude Include="$(BSP_ROOT)\nRF5x\modules\nrfx\mdk\nrf51.h">
      <Filter>Header files\Device-specific files\Peripheral Drivers</Filter>
    </ClInclude>
    <ClInclude Include="$(BSP_ROOT)\nRF5x\modules\nrfx\mdk\nrf51422_peripherals.h">
      <Filter>Header files\Device-specific files\Peripheral Drivers</Filter>
    </ClInclude>
    <ClInclude Include="$(BSP_ROOT)\nRF5x\modules\nrfx\mdk\nrf51801_peripherals.h">
      <Filter>Header files\Device-specific files\Peripheral Drivers</Filter>
    </ClInclude>
    <ClInclude Include="$(BSP_ROOT)\nRF5x\modules\nrfx\mdk\nrf51802_peripherals.h">
      <Filter>Header files\Device-specific files\Peripheral Drivers</Filter>
    </ClInclude>
    <ClInclude Include="$(BSP_ROOT)\nRF5x\modules\nrfx\mdk\nrf51822_peripherals.h">
      <Filter>Header files\Device-specific files\Peripheral Drivers</Filter>
    </ClInclude>
    <ClInclude Include="$(BSP_ROOT)\nRF5x\modules\nrfx\mdk\nrf51824_peripherals.h">
      <Filter>Header files\Device-specific files\Peripheral Drivers</Filter>
    </ClInclude>
    <ClInclude Include="$(BSP_ROOT)\nRF5x\modules\nrfx\mdk\nrf51_bitfields.h">
      <Filter>Header files\Device-specific files\Peripheral Drivers</Filter>
    </ClInclude>
    <ClInclude Include="$(BSP_ROOT)\nRF5x\modules\nrfx\mdk\nrf51_deprecated.h">
      <Filter>Header files\Device-specific files\Peripheral Drivers</Filter>
    </ClInclude>
    <ClInclude Include="$(BSP_ROOT)\nRF5x\modules\nrfx\mdk\nrf51_peripherals.h">
      <Filter>Header files\Device-specific files\Peripheral Drivers</Filter>
    </ClInclude>
    <ClInclude Include="$(BSP_ROOT)\nRF5x\modules\nrfx\mdk\nrf51_to_nrf52.h">
      <Filter>Header files\Device-specific files\Peripheral Drivers</Filter>
    </ClInclude>
    <ClInclude Include="$(BSP_ROOT)\nRF5x\modules\nrfx\mdk\nrf51_to_nrf52810.h">
      <Filter>Header files\Device-specific files\Peripheral Drivers</Filter>
    </ClInclude>
    <ClInclude Include="$(BSP_ROOT)\nRF5x\modules\nrfx\mdk\nrf51_to_nrf52840.h">
      <Filter>Header files\Device-specific files\Peripheral Drivers</Filter>
    </ClInclude>
    <ClInclude Include="$(BSP_ROOT)\nRF5x\modules\nrfx\mdk\nrf52.h">
      <Filter>Header files\Device-specific files\Peripheral Drivers</Filter>
    </ClInclude>
    <ClInclude Include="$(BSP_ROOT)\nRF5x\modules\nrfx\mdk\nrf52810.h">
      <Filter>Header files\Device-specific files\Peripheral Drivers</Filter>
    </ClInclude>
    <ClInclude Include="$(BSP_ROOT)\nRF5x\modules\nrfx\mdk\nrf52810_bitfields.h">
      <Filter>Header files\Device-specific files\Peripheral Drivers</Filter>
    </ClInclude>
    <ClInclude Include="$(BSP_ROOT)\nRF5x\modules\nrfx\mdk\nrf52810_peripherals.h">
      <Filter>Header files\Device-specific files\Peripheral Drivers</Filter>
    </ClInclude>
    <ClInclude Include="$(BSP_ROOT)\nRF5x\modules\nrfx\mdk\nrf52832_peripherals.h">
      <Filter>Header files\Device-specific files\Peripheral Drivers</Filter>
    </ClInclude>
    <ClInclude Include="$(BSP_ROOT)\nRF5x\modules\nrfx\mdk\nrf52840.h">
      <Filter>Header files\Device-specific files\Peripheral Drivers</Filter>
    </ClInclude>
    <ClInclude Include="$(BSP_ROOT)\nRF5x\modules\nrfx\mdk\nrf52840_bitfields.h">
      <Filter>Header files\Device-specific files\Peripheral Drivers</Filter>
    </ClInclude>
    <ClInclude Include="$(BSP_ROOT)\nRF5x\modules\nrfx\mdk\nrf52840_peripherals.h">
      <Filter>Header files\Device-specific files\Peripheral Drivers</Filter>
    </ClInclude>
    <ClInclude Include="$(BSP_ROOT)\nRF5x\modules\nrfx\mdk\nrf52_bitfields.h">
      <Filter>Header files\Device-specific files\Peripheral Drivers</Filter>
    </ClInclude>
    <ClInclude Include="$(BSP_ROOT)\nRF5x\modules\nrfx\mdk\nrf52_name_change.h">
      <Filter>Header files\Device-specific files\Peripheral Drivers</Filter>
    </ClInclude>
    <ClInclude Include="$(BSP_ROOT)\nRF5x\modules\nrfx\mdk\nrf52_to_nrf52810.h">
      <Filter>Header files\Device-specific files\Peripheral Drivers</Filter>
    </ClInclude>
    <ClInclude Include="$(BSP_ROOT)\nRF5x\modules\nrfx\mdk\nrf52_to_nrf52840.h">
      <Filter>Header files\Device-specific files\Peripheral Drivers</Filter>
    </ClInclude>
    <ClInclude Include="$(BSP_ROOT)\nRF5x\modules\nrfx\mdk\nRFxxx.h">
      <Filter>Header files\Device-specific files\Peripheral Drivers</Filter>
    </ClInclude>
    <ClInclude Include="$(BSP_ROOT)\nRF5x\modules\nrfx\mdk\nrf_peripherals.h">
      <Filter>Header files\Device-specific files\Peripheral Drivers</Filter>
    </ClInclude>
    <ClInclude Include="$(BSP_ROOT)\nRF5x\modules\nrfx\mdk\startup_config.h">
      <Filter>Header files\Device-specific files\Peripheral Drivers</Filter>
    </ClInclude>
    <ClInclude Include="$(BSP_ROOT)\nRF5x\modules\nrfx\soc\nrfx_coredep.h">
      <Filter>Header files\Device-specific files\Peripheral Drivers</Filter>
    </ClInclude>
    <ClInclude Include="$(BSP_ROOT)\nRF5x\modules\nrfx\soc\nrfx_irqs.h">
      <Filter>Header files\Device-specific files\Peripheral Drivers</Filter>
    </ClInclude>
    <ClInclude Include="$(BSP_ROOT)\nRF5x\modules\nrfx\soc\nrfx_irqs_nrf51.h">
      <Filter>Header files\Device-specific files\Peripheral Drivers</Filter>
    </ClInclude>
    <ClInclude Include="$(BSP_ROOT)\nRF5x\modules\nrfx\soc\nrfx_irqs_nrf52810.h">
      <Filter>Header files\Device-specific files\Peripheral Drivers</Filter>
    </ClInclude>
    <ClInclude Include="$(BSP_ROOT)\nRF5x\modules\nrfx\soc\nrfx_irqs_nrf52832.h">
      <Filter>Header files\Device-specific files\Peripheral Drivers</Filter>
    </ClInclude>
    <ClInclude Include="$(BSP_ROOT)\nRF5x\modules\nrfx\soc\nrfx_irqs_nrf52840.h">
      <Filter>Header files\Device-specific files\Peripheral Drivers</Filter>
    </ClInclude>
    <ClInclude Include="$(BSP_ROOT)\nRF5x\ble_advertising\ble_advertising.h">
      <Filter>Header files\Device-specific files\BLE Connectable Advertising Support</Filter>
    </ClInclude>
    <ClInclude Include="$(BSP_ROOT)\nRF5x\ble_services\ble_bas\ble_bas.h">
      <Filter>Header files\Device-specific files\BLE Battery Service</Filter>
    </ClInclude>
    <ClInclude Include="$(BSP_ROOT)\nRF5x\ble_services\ble_dis\ble_dis.h">
      <Filter>Header files\Device-specific files\BLE Device Information Service</Filter>
    </ClInclude>
    <ClInclude Include="$(BSP_ROOT)\nRF5x\ble_services\ble_hids\ble_hids.h">
      <Filter>Header files\Device-specific files\BLE Human Interface Device Service</Filter>
    </ClInclude>
    <ClInclude Include="$(BSP_ROOT)\nRF5x\ble_link_ctx_manager\ble_link_ctx_manager.h">
      <Filter>Header files\Device-specific files\BLE Ble_Link_CTX_manager</Filter>
    </ClInclude>
    <ClInclude Include="$(BSP_ROOT)\nRF5x\nrf_ble_qwr\nrf_ble_qwr.h">
      <Filter>Header files\Device-specific files\BLE Nrf_Ble_Qwr</Filter>
    </ClInclude>
    <None Include="nrf52_usb_host-Debug.vgdbsettings">
      <Filter>VisualGDB settings</Filter>
    </None>
    <None Include="nrf52_usb_host-Release.vgdbsettings">
      <Filter>VisualGDB settings</Filter>
    </None>
    <None Include="nrf5x.xml">
      <Filter>VisualGDB settings</Filter>
    </None>
    <ClCompile Include="nrf_battery.c">
      <Filter>Source files\nordic</Filter>
    </ClCompile>
    <ClCompile Include="nrf_advertising.c">
      <Filter>Source files\nordic</Filter>
    </ClCompile>
    <ClCompile Include="nrf_gap.c">
      <Filter>Source files\nordic</Filter>
    </ClCompile>
    <ClCompile Include="nrf_peer_manager.c">
      <Filter>Source files\nordic</Filter>
    </ClCompile>
    <ClCompile Include="nrf_services.c">
      <Filter>Source files\nordic</Filter>
    </ClCompile>
    <ClCompile Include="nrf_util.c">
      <Filter>Source files\nordic</Filter>
    </ClCompile>
    <ClCompile Include="nrf_connection.c">
      <Filter>Source files\nordic</Filter>
    </ClCompile>
    <ClCompile Include="nrf_ble_stack.c">
      <Filter>Source files\nordic</Filter>
    </ClCompile>
    <ClCompile Include="nrf_bsp.c">
      <Filter>Source files\nordic</Filter>
    </ClCompile>
    <ClCompile Include="max3421e.c">
      <Filter>Source files\periph</Filter>
    </ClCompile>
    <ClCompile Include="$(BSP_ROOT)\nRF5x\integration\nrfx\legacy\nrf_drv_power.c">
      <Filter>Source files\Device-specific files\Legacy Peripheral Drivers</Filter>
    </ClCompile>
    <ClCompile Include="$(BSP_ROOT)\nRF5x\integration\nrfx\legacy\nrf_drv_rng.c">
      <Filter>Source files\Device-specific files\Legacy Peripheral Drivers</Filter>
    </ClCompile>
    <ClInclude Include="$(BSP_ROOT)\nRF5x\integration\nrfx\nrfx_config.h">
      <Filter>Header files\Device-specific files\Legacy Peripheral Drivers</Filter>
    </ClInclude>
    <ClInclude Include="$(BSP_ROOT)\nRF5x\integration\nrfx\nrfx_glue.h">
      <Filter>Header files\Device-specific files\Legacy Peripheral Drivers</Filter>
    </ClInclude>
    <ClInclude Include="$(BSP_ROOT)\nRF5x\integration\nrfx\nrfx_log.h">
      <Filter>Header files\Device-specific files\Legacy Peripheral Drivers</Filter>
    </ClInclude>
    <ClInclude Include="$(BSP_ROOT)\nRF5x\integration\nrfx\legacy\apply_old_config.h">
      <Filter>Header files\Device-specific files\Legacy Peripheral Drivers</Filter>
    </ClInclude>
    <ClInclude Include="$(BSP_ROOT)\nRF5x\integration\nrfx\legacy\nrf_drv_common.h">
      <Filter>Header files\Device-specific files\Legacy Peripheral Drivers</Filter>
    </ClInclude>
    <ClInclude Include="$(BSP_ROOT)\nRF5x\integration\nrfx\legacy\nrf_drv_comp.h">
      <Filter>Header files\Device-specific files\Legacy Peripheral Drivers</Filter>
    </ClInclude>
    <ClInclude Include="$(BSP_ROOT)\nRF5x\integration\nrfx\legacy\nrf_drv_gpiote.h">
      <Filter>Header files\Device-specific files\Legacy Peripheral Drivers</Filter>
    </ClInclude>
    <ClInclude Include="$(BSP_ROOT)\nRF5x\integration\nrfx\legacy\nrf_drv_i2s.h">
      <Filter>Header files\Device-specific files\Legacy Peripheral Drivers</Filter>
    </ClInclude>
    <ClInclude Include="$(BSP_ROOT)\nRF5x\integration\nrfx\legacy\nrf_drv_lpcomp.h">
      <Filter>Header files\Device-specific files\Legacy Peripheral Drivers</Filter>
    </ClInclude>
    <ClInclude Include="$(BSP_ROOT)\nRF5x\integration\nrfx\legacy\nrf_drv_pdm.h">
      <Filter>Header files\Device-specific files\Legacy Peripheral Drivers</Filter>
    </ClInclude>
    <ClInclude Include="$(BSP_ROOT)\nRF5x\integration\nrfx\legacy\nrf_drv_power.h">
      <Filter>Header files\Device-specific files\Legacy Peripheral Drivers</Filter>
    </ClInclude>
    <ClInclude Include="$(BSP_ROOT)\nRF5x\integration\nrfx\legacy\nrf_drv_ppi.h">
      <Filter>Header files\Device-specific files\Legacy Peripheral Drivers</Filter>
    </ClInclude>
    <ClInclude Include="$(BSP_ROOT)\nRF5x\integration\nrfx\legacy\nrf_drv_pwm.h">
      <Filter>Header files\Device-specific files\Legacy Peripheral Drivers</Filter>
    </ClInclude>
    <ClInclude Include="$(BSP_ROOT)\nRF5x\integration\nrfx\legacy\nrf_drv_qdec.h">
      <Filter>Header files\Device-specific files\Legacy Peripheral Drivers</Filter>
    </ClInclude>
    <ClInclude Include="$(BSP_ROOT)\nRF5x\integration\nrfx\legacy\nrf_drv_qspi.h">
      <Filter>Header files\Device-specific files\Legacy Peripheral Drivers</Filter>
    </ClInclude>
    <ClInclude Include="$(BSP_ROOT)\nRF5x\integration\nrfx\legacy\nrf_drv_rng.h">
      <Filter>Header files\Device-specific files\Legacy Peripheral Drivers</Filter>
    </ClInclude>
    <ClInclude Include="$(BSP_ROOT)\nRF5x\integration\nrfx\legacy\nrf_drv_rtc.h">
      <Filter>Header files\Device-specific files\Legacy Peripheral Drivers</Filter>
    </ClInclude>
    <ClInclude Include="$(BSP_ROOT)\nRF5x\integration\nrfx\legacy\nrf_drv_saadc.h">
      <Filter>Header files\Device-specific files\Legacy Peripheral Drivers</Filter>
    </ClInclude>
    <ClInclude Include="$(BSP_ROOT)\nRF5x\integration\nrfx\legacy\nrf_drv_spi.h">
      <Filter>Header files\Device-specific files\Legacy Peripheral Drivers</Filter>
    </ClInclude>
    <ClInclude Include="$(BSP_ROOT)\nRF5x\integration\nrfx\legacy\nrf_drv_spis.h">
      <Filter>Header files\Device-specific files\Legacy Peripheral Drivers</Filter>
    </ClInclude>
    <ClInclude Include="$(BSP_ROOT)\nRF5x\integration\nrfx\legacy\nrf_drv_systick.h">
      <Filter>Header files\Device-specific files\Legacy Peripheral Drivers</Filter>
    </ClInclude>
    <ClInclude Include="$(BSP_ROOT)\nRF5x\integration\nrfx\legacy\nrf_drv_timer.h">
      <Filter>Header files\Device-specific files\Legacy Peripheral Drivers</Filter>
    </ClInclude>
    <ClInclude Include="$(BSP_ROOT)\nRF5x\integration\nrfx\legacy\nrf_drv_wdt.h">
      <Filter>Header files\Device-specific files\Legacy Peripheral Drivers</Filter>
    </ClInclude>
    <ClInclude Include="$(BSP_ROOT)\nRF5x\components\drivers_nrf\twi_master\deprecated\twi_master.h">
      <Filter>Header files\Device-specific files\Peripheral Drivers (Old)</Filter>
    </ClInclude>
    <ClCompile Include="$(BSP_ROOT)\nRF5x\integration\nrfx\legacy\nrf_drv_uart.c">
      <Filter>Source files\Device-specific files\Legacy Peripheral Drivers</Filter>
    </ClCompile>
    <ClInclude Include="$(BSP_ROOT)\nRF5x\integration\nrfx\legacy\nrf_drv_uart.h">
      <Filter>Header files\Device-specific files\Legacy Peripheral Drivers</Filter>
    </ClInclude>
    <ClCompile Include="$(BSP_ROOT)\nRF5x\components\libraries\spi_mngr\nrf_spi_mngr.c">
      <Filter>Source files\Device-specific files\Libraries</Filter>
    </ClCompile>
    <ClInclude Include="$(BSP_ROOT)\nRF5x\components\libraries\spi_mngr\nrf_spi_mngr.h">
      <Filter>Header files\Device-specific files\Libraries</Filter>
    </ClInclude>
    <ClCompile Include="$(BSP_ROOT)\nRF5x\components\libraries\queue\nrf_queue.c">
      <Filter>Source files\Device-specific files\Libraries</Filter>
    </ClCompile>
    <ClInclude Include="$(BSP_ROOT)\nRF5x\components\libraries\queue\nrf_queue.h">
      <Filter>Header files\Device-specific files\Libraries</Filter>
    </ClInclude>
    <ClCompile Include="..\..\..\..\AppData\Local\VisualGDB\EmbeddedBSPs\arm-eabi\com.sysprogs.arm.nordic.nrf5x\nRF5x\integration\nrfx\legacy\nrf_drv_spi.c">
      <Filter>Source files\Shared sources</Filter>
    </ClCompile>
    <ClCompile Include="$(BSP_ROOT)\nRF5x\components\libraries\uart\app_uart_fifo.c">
      <Filter>Source files\Device-specific files\Libraries</Filter>
    </ClCompile>
    <ClCompile Include="packets.c">
      <Filter>Source files\periph</Filter>
    </ClCompile>
    <ClCompile Include="simple_spi.c">
      <Filter>Source files\periph</Filter>
    </ClCompile>
    <ClCompile Include="usb.c">
      <Filter>Source files\periph</Filter>
    </ClCompile>
  </ItemGroup>
  <ItemGroup>
    <ClInclude Include="nrf_advertising.h">
      <Filter>Header files\nordic</Filter>
    </ClInclude>
    <ClInclude Include="nrf_battery.h">
      <Filter>Header files\nordic</Filter>
    </ClInclude>
    <ClInclude Include="nrf_gap.h">
      <Filter>Header files\nordic</Filter>
    </ClInclude>
    <ClInclude Include="nrf_peer_manager.h">
      <Filter>Header files\nordic</Filter>
    </ClInclude>
    <ClInclude Include="nrf_services.h">
      <Filter>Header files\nordic</Filter>
    </ClInclude>
    <ClInclude Include="nrf_util.h">
      <Filter>Header files\nordic</Filter>
    </ClInclude>
    <ClInclude Include="nrf_connection.h">
      <Filter>Header files\nordic</Filter>
    </ClInclude>
    <ClInclude Include="nrf_ble_stack.h">
      <Filter>Header files\nordic</Filter>
    </ClInclude>
    <ClInclude Include="nrf_bsp.h">
      <Filter>Header files\nordic</Filter>
    </ClInclude>
    <ClInclude Include="max3421e.h">
      <Filter>Header files\periph</Filter>
    </ClInclude>
    <ClInclude Include="packets.h">
      <Filter>Header files\periph</Filter>
    </ClInclude>
    <ClInclude Include="simple_spi.h">
      <Filter>Header files\periph</Filter>
    </ClInclude>
    <ClInclude Include="usb.h">
      <Filter>Header files\periph</Filter>
    </ClInclude>
  </ItemGroup>
</Project>